{
  "name": "english_learning_app",
  "lockfileVersion": 3,
  "requires": true,
  "packages": {
    "": {
      "dependencies": {
        "diff": "^8.0.1",
        "sentence-splitter": "^5.0.0"
      }
    },
    "node_modules/@textlint/ast-node-types": {
      "version": "13.4.1",
      "resolved": "https://registry.npmjs.org/@textlint/ast-node-types/-/ast-node-types-13.4.1.tgz",
      "integrity": "sha512-qrZyhCh8Ekk6nwArx3BROybm9BnX6vF7VcZbijetV/OM3yfS4rTYhoMWISmhVEP2H2re0CtWEyMl/XF+WdvVLQ==",
      "license": "MIT"
    },
    "node_modules/boundary": {
      "version": "2.0.0",
      "resolved": "https://registry.npmjs.org/boundary/-/boundary-2.0.0.tgz",
      "integrity": "sha512-rJKn5ooC9u8q13IMCrW0RSp31pxBCHE3y9V/tp3TdWSLf8Em3p6Di4NBpfzbJge9YjjFEsD0RtFEjtvHL5VyEA==",
      "license": "BSD-2-Clause"
    },
    "node_modules/diff": {
      "version": "8.0.1",
      "resolved": "https://registry.npmjs.org/diff/-/diff-8.0.1.tgz",
      "integrity": "sha512-rEaM3KmVm78zE3dFZaop3aCQa2MTm+T4kcigUFLVU/KbOYdiY6JnL2g2puOYnct3QFw9pjZadaCbCZ1O8ArMlQ==",
      "license": "BSD-3-Clause",
      "engines": {
        "node": ">=0.3.1"
      }
    },
    "node_modules/sentence-splitter": {
      "version": "5.0.0",
      "resolved": "https://registry.npmjs.org/sentence-splitter/-/sentence-splitter-5.0.0.tgz",
      "integrity": "sha512-9Mvf7L8vwpPzkH0/HtXzCbmVkyj4aQXdeG7h8ighRvO0hvcZEy2OUEjeIlnM/z4EX4vBacEfpESC65Oa2rWOig==",
      "license": "MIT",
      "dependencies": {
        "@textlint/ast-node-types": "^13.4.1",
        "structured-source": "^4.0.0"
      }
    },
    "node_modules/structured-source": {
      "version": "4.0.0",
      "resolved": "https://registry.npmjs.org/structured-source/-/structured-source-4.0.0.tgz",
      "integrity": "sha512-qGzRFNJDjFieQkl/sVOI2dUjHKRyL9dAJi2gCPGJLbJHBIkyOHxjuocpIEfbLioX+qSJpvbYdT49/YCdMznKxA==",
      "license": "BSD-2-Clause",
      "dependencies": {
        "boundary": "^2.0.0"
      }
    }
  }
}
